
Microsoft Visual Studio Solution File, Format Version 12.00
Project("{2150E333-8FDC-42A3-9474-1A3956D46DE8}") = "Luna.Auth", "Luna.Auth", "{8CB2E67A-AA26-4B40-A0DD-8D6069E36588}"
EndProject
Project("{FAE04EC0-301F-11D3-BF4B-00C04F79EFBC}") = "Luna.Auth.API", "Luna.Auth.API\Luna.Auth.API.csproj", "{B05E3EEE-F3E3-4296-B580-0897270E18A2}"
EndProject
Project("{2150E333-8FDC-42A3-9474-1A3956D46DE8}") = "Luna.Auth.Models", "Luna.Auth.Models", "{7C836019-DDE3-4EBC-B365-D04A885C66CB}"
EndProject
Project("{FAE04EC0-301F-11D3-BF4B-00C04F79EFBC}") = "Luna.Auth.Models.Blank", "Luna.Auth.Models.Blank\Luna.Auth.Models.Blank.csproj", "{F99264E0-DBEC-4768-A358-0C83684DB914}"
EndProject
Project("{FAE04EC0-301F-11D3-BF4B-00C04F79EFBC}") = "Luna.Auth.Models.Database", "Luna.Auth.Models.Database\Luna.Auth.Models.Database.csproj", "{9483EA1B-8F8F-458F-9D57-395BD3AE8A21}"
EndProject
Project("{FAE04EC0-301F-11D3-BF4B-00C04F79EFBC}") = "Luna.Auth.Models.Domain", "Luna.Auth.Models.Domain\Luna.Auth.Models.Domain.csproj", "{649D66D7-AA79-4D6D-AA10-BF6014A949CF}"
EndProject
Project("{FAE04EC0-301F-11D3-BF4B-00C04F79EFBC}") = "Luna.Auth.Models.View", "Luna.Auth.Models.View\Luna.Auth.Models.View.csproj", "{019B23FE-6B07-4E0B-87C2-A68C5602E403}"
EndProject
Project("{FAE04EC0-301F-11D3-BF4B-00C04F79EFBC}") = "Luna.Auth.Repositories", "Luna.Auth.Repositories\Luna.Auth.Repositories.csproj", "{F9CCF84C-A373-48CF-9865-94555974387B}"
EndProject
Project("{FAE04EC0-301F-11D3-BF4B-00C04F79EFBC}") = "Luna.Auth.Services", "Luna.Auth.Services\Luna.Auth.Services.csproj", "{1C995C3A-2F52-4A3F-86FD-760B98E10063}"
EndProject
Project("{2150E333-8FDC-42A3-9474-1A3956D46DE8}") = "Luna.Tools", "Luna.Tools", "{35EBF3D0-12E5-47C5-835E-279DA7324624}"
EndProject
Project("{2150E333-8FDC-42A3-9474-1A3956D46DE8}") = "Solution Items", "Solution Items", "{1A8774AF-67A0-42C9-9DC6-0F83912D5E20}"
	ProjectSection(SolutionItems) = preProject
		compose.yaml = compose.yaml
		.gitignore = .gitignore
	EndProjectSection
EndProject
Project("{FAE04EC0-301F-11D3-BF4B-00C04F79EFBC}") = "Luna.Tools", "Luna.Tools\Luna.Tools.csproj", "{CFCF085B-6231-4239-8483-225A655F2DAA}"
EndProject
Global
	GlobalSection(SolutionConfigurationPlatforms) = preSolution
		Debug|Any CPU = Debug|Any CPU
		Release|Any CPU = Release|Any CPU
	EndGlobalSection
	GlobalSection(NestedProjects) = preSolution
		{B05E3EEE-F3E3-4296-B580-0897270E18A2} = {8CB2E67A-AA26-4B40-A0DD-8D6069E36588}
		{7C836019-DDE3-4EBC-B365-D04A885C66CB} = {8CB2E67A-AA26-4B40-A0DD-8D6069E36588}
		{F99264E0-DBEC-4768-A358-0C83684DB914} = {7C836019-DDE3-4EBC-B365-D04A885C66CB}
		{9483EA1B-8F8F-458F-9D57-395BD3AE8A21} = {7C836019-DDE3-4EBC-B365-D04A885C66CB}
		{649D66D7-AA79-4D6D-AA10-BF6014A949CF} = {7C836019-DDE3-4EBC-B365-D04A885C66CB}
		{019B23FE-6B07-4E0B-87C2-A68C5602E403} = {7C836019-DDE3-4EBC-B365-D04A885C66CB}
		{F9CCF84C-A373-48CF-9865-94555974387B} = {8CB2E67A-AA26-4B40-A0DD-8D6069E36588}
		{1C995C3A-2F52-4A3F-86FD-760B98E10063} = {8CB2E67A-AA26-4B40-A0DD-8D6069E36588}
		{CFCF085B-6231-4239-8483-225A655F2DAA} = {35EBF3D0-12E5-47C5-835E-279DA7324624}
	EndGlobalSection
	GlobalSection(ProjectConfigurationPlatforms) = postSolution
		{B05E3EEE-F3E3-4296-B580-0897270E18A2}.Debug|Any CPU.ActiveCfg = Debug|Any CPU
		{B05E3EEE-F3E3-4296-B580-0897270E18A2}.Debug|Any CPU.Build.0 = Debug|Any CPU
		{B05E3EEE-F3E3-4296-B580-0897270E18A2}.Release|Any CPU.ActiveCfg = Release|Any CPU
		{B05E3EEE-F3E3-4296-B580-0897270E18A2}.Release|Any CPU.Build.0 = Release|Any CPU
		{F99264E0-DBEC-4768-A358-0C83684DB914}.Debug|Any CPU.ActiveCfg = Debug|Any CPU
		{F99264E0-DBEC-4768-A358-0C83684DB914}.Debug|Any CPU.Build.0 = Debug|Any CPU
		{F99264E0-DBEC-4768-A358-0C83684DB914}.Release|Any CPU.ActiveCfg = Release|Any CPU
		{F99264E0-DBEC-4768-A358-0C83684DB914}.Release|Any CPU.Build.0 = Release|Any CPU
		{9483EA1B-8F8F-458F-9D57-395BD3AE8A21}.Debug|Any CPU.ActiveCfg = Debug|Any CPU
		{9483EA1B-8F8F-458F-9D57-395BD3AE8A21}.Debug|Any CPU.Build.0 = Debug|Any CPU
		{9483EA1B-8F8F-458F-9D57-395BD3AE8A21}.Release|Any CPU.ActiveCfg = Debug|Any CPU
		{9483EA1B-8F8F-458F-9D57-395BD3AE8A21}.Release|Any CPU.Build.0 = Debug|Any CPU
		{649D66D7-AA79-4D6D-AA10-BF6014A949CF}.Debug|Any CPU.ActiveCfg = Debug|Any CPU
		{649D66D7-AA79-4D6D-AA10-BF6014A949CF}.Debug|Any CPU.Build.0 = Debug|Any CPU
		{649D66D7-AA79-4D6D-AA10-BF6014A949CF}.Release|Any CPU.ActiveCfg = Release|Any CPU
		{649D66D7-AA79-4D6D-AA10-BF6014A949CF}.Release|Any CPU.Build.0 = Release|Any CPU
		{019B23FE-6B07-4E0B-87C2-A68C5602E403}.Debug|Any CPU.ActiveCfg = Debug|Any CPU
		{019B23FE-6B07-4E0B-87C2-A68C5602E403}.Debug|Any CPU.Build.0 = Debug|Any CPU
		{019B23FE-6B07-4E0B-87C2-A68C5602E403}.Release|Any CPU.ActiveCfg = Release|Any CPU
		{019B23FE-6B07-4E0B-87C2-A68C5602E403}.Release|Any CPU.Build.0 = Release|Any CPU
		{F9CCF84C-A373-48CF-9865-94555974387B}.Debug|Any CPU.ActiveCfg = Debug|Any CPU
		{F9CCF84C-A373-48CF-9865-94555974387B}.Debug|Any CPU.Build.0 = Debug|Any CPU
		{F9CCF84C-A373-48CF-9865-94555974387B}.Release|Any CPU.ActiveCfg = Release|Any CPU
		{F9CCF84C-A373-48CF-9865-94555974387B}.Release|Any CPU.Build.0 = Release|Any CPU
		{1C995C3A-2F52-4A3F-86FD-760B98E10063}.Debug|Any CPU.ActiveCfg = Debug|Any CPU
		{1C995C3A-2F52-4A3F-86FD-760B98E10063}.Debug|Any CPU.Build.0 = Debug|Any CPU
		{1C995C3A-2F52-4A3F-86FD-760B98E10063}.Release|Any CPU.ActiveCfg = Release|Any CPU
		{1C995C3A-2F52-4A3F-86FD-760B98E10063}.Release|Any CPU.Build.0 = Release|Any CPU
		{CFCF085B-6231-4239-8483-225A655F2DAA}.Debug|Any CPU.ActiveCfg = Debug|Any CPU
		{CFCF085B-6231-4239-8483-225A655F2DAA}.Debug|Any CPU.Build.0 = Debug|Any CPU
		{CFCF085B-6231-4239-8483-225A655F2DAA}.Release|Any CPU.ActiveCfg = Release|Any CPU
		{CFCF085B-6231-4239-8483-225A655F2DAA}.Release|Any CPU.Build.0 = Release|Any CPU
	EndGlobalSection
EndGlobal
