
Microsoft Visual Studio Solution File, Format Version 12.00
Project("{2150E333-8FDC-42A3-9474-1A3956D46DE8}") = "Luna.Auth", "Luna.Auth", "{8CB2E67A-AA26-4B40-A0DD-8D6069E36588}"
EndProject
Project("{FAE04EC0-301F-11D3-BF4B-00C04F79EFBC}") = "Luna.Auth.API", "Luna.Auth.API\Luna.Auth.API.csproj", "{B05E3EEE-F3E3-4296-B580-0897270E18A2}"
EndProject
Project("{2150E333-8FDC-42A3-9474-1A3956D46DE8}") = "Luna.Auth.Models", "Luna.Auth.Models", "{7C836019-DDE3-4EBC-B365-D04A885C66CB}"
EndProject
Project("{FAE04EC0-301F-11D3-BF4B-00C04F79EFBC}") = "Luna.Auth.Models.Blank", "Luna.Auth.Models.Blank\Luna.Auth.Models.Blank.csproj", "{F99264E0-DBEC-4768-A358-0C83684DB914}"
EndProject
Project("{FAE04EC0-301F-11D3-BF4B-00C04F79EFBC}") = "Luna.Auth.Models.Database", "Luna.Auth.Models.Database\Luna.Auth.Models.Database.csproj", "{9483EA1B-8F8F-458F-9D57-395BD3AE8A21}"
EndProject
Project("{FAE04EC0-301F-11D3-BF4B-00C04F79EFBC}") = "Luna.Auth.Models.Domain", "Luna.Auth.Models.Domain\Luna.Auth.Models.Domain.csproj", "{649D66D7-AA79-4D6D-AA10-BF6014A949CF}"
EndProject
Project("{FAE04EC0-301F-11D3-BF4B-00C04F79EFBC}") = "Luna.Auth.Models.View", "Luna.Auth.Models.View\Luna.Auth.Models.View.csproj", "{019B23FE-6B07-4E0B-87C2-A68C5602E403}"
EndProject
Project("{FAE04EC0-301F-11D3-BF4B-00C04F79EFBC}") = "Luna.Auth.Repositories", "Luna.Auth.Repositories\Luna.Auth.Repositories.csproj", "{F9CCF84C-A373-48CF-9865-94555974387B}"
EndProject
Project("{FAE04EC0-301F-11D3-BF4B-00C04F79EFBC}") = "Luna.Auth.Services", "Luna.Auth.Services\Luna.Auth.Services.csproj", "{1C995C3A-2F52-4A3F-86FD-760B98E10063}"
EndProject
Project("{2150E333-8FDC-42A3-9474-1A3956D46DE8}") = "Luna.Tools", "Luna.Tools", "{35EBF3D0-12E5-47C5-835E-279DA7324624}"
EndProject
Project("{2150E333-8FDC-42A3-9474-1A3956D46DE8}") = "Solution Items", "Solution Items", "{1A8774AF-67A0-42C9-9DC6-0F83912D5E20}"
	ProjectSection(SolutionItems) = preProject
		compose.yaml = compose.yaml
		.gitignore = .gitignore
	EndProjectSection
EndProject
Project("{FAE04EC0-301F-11D3-BF4B-00C04F79EFBC}") = "Luna.Tools", "Luna.Tools\Luna.Tools.csproj", "{CFCF085B-6231-4239-8483-225A655F2DAA}"
EndProject
Project("{FAE04EC0-301F-11D3-BF4B-00C04F79EFBC}") = "Luna.Auth.Models.Enum", "Luna.Auth.Models.Enum\Luna.Auth.Models.Enum.csproj", "{705EEBFD-BBBE-470F-A61D-F38DE2F6252C}"
EndProject
Project("{2150E333-8FDC-42A3-9474-1A3956D46DE8}") = "Luna.Gateway", "Luna.Gateway", "{F59B01A5-09EB-4421-AA6B-A65D33F7A7C0}"
EndProject
Project("{FAE04EC0-301F-11D3-BF4B-00C04F79EFBC}") = "Luna.Gateway.API", "Luna.Gateway.API\Luna.Gateway.API.csproj", "{5D538522-88ED-483E-9DB3-9A50CD4AED2D}"
EndProject
Project("{FAE04EC0-301F-11D3-BF4B-00C04F79EFBC}") = "Luna.Auth.UnitTests", "Luna.Auth.UnitTests\Luna.Auth.UnitTests.csproj", "{12446F31-C4FA-4C13-8F16-8EA56FC5B467}"
EndProject
Project("{FAE04EC0-301F-11D3-BF4B-00C04F79EFBC}") = "Luna.Auth.IntegrationTests", "Luna.Auth.IntegrationTests\Luna.Auth.IntegrationTests.csproj", "{109E4550-2A44-41A8-AACD-F33628C6460E}"
EndProject
Project("{2150E333-8FDC-42A3-9474-1A3956D46DE8}") = "Luna.Users", "Luna.Users", "{EB1B377D-22BC-4AD7-AE35-6FABFD1A223F}"
EndProject
Project("{2150E333-8FDC-42A3-9474-1A3956D46DE8}") = "Luna.Users.Models", "Luna.Users.Models", "{63647B79-DBE7-4944-823C-BEDD9575EA89}"
EndProject
Project("{FAE04EC0-301F-11D3-BF4B-00C04F79EFBC}") = "Luna.Users.API", "Luna.Users.API\Luna.Users.API.csproj", "{AA43AD59-8CEA-4A5A-BFEF-2665A53A1B73}"
EndProject
Project("{FAE04EC0-301F-11D3-BF4B-00C04F79EFBC}") = "Luna.Users.Models.Database", "Luna.Users.Models.Database\Luna.Users.Models.Database.csproj", "{CA82E0D9-70A6-44E5-B51C-47D26BC1A942}"
EndProject
Project("{FAE04EC0-301F-11D3-BF4B-00C04F79EFBC}") = "Luna.Users.Models.Blank", "Luna.Users.Models.Blank\Luna.Users.Models.Blank.csproj", "{8ACBA3F4-58CE-417F-A99B-BBEEA36FDDF2}"
EndProject
Project("{FAE04EC0-301F-11D3-BF4B-00C04F79EFBC}") = "Luna.Users.Repositories", "Luna.Users.Repositories\Luna.Users.Repositories.csproj", "{F9D5D049-DD50-4A2D-A03B-3A4DE1226AFF}"
EndProject
Project("{FAE04EC0-301F-11D3-BF4B-00C04F79EFBC}") = "Luna.Users.Models.Domain", "Luna.Users.Models.Domain\Luna.Users.Models.Domain.csproj", "{D098A44D-CD8F-4842-AFF2-52BEB9F0E4CC}"
EndProject
Project("{FAE04EC0-301F-11D3-BF4B-00C04F79EFBC}") = "Luna.Users.Models.View", "Luna.Users.Models.View\Luna.Users.Models.View.csproj", "{066F4CE5-FDBF-431E-B978-E8F77D1B09D3}"
EndProject
Project("{FAE04EC0-301F-11D3-BF4B-00C04F79EFBC}") = "Luna.Users.Services", "Luna.Users.Services\Luna.Users.Services.csproj", "{CDCD8603-E97D-40CB-A29B-0DF70510DE23}"
EndProject
Project("{FAE04EC0-301F-11D3-BF4B-00C04F79EFBC}") = "Luna.Users.gRPC", "Luna.Users.gRPC\Luna.Users.gRPC.csproj", "{CA608247-005E-426C-885C-18760E1DDDAD}"
EndProject
Project("{2150E333-8FDC-42A3-9474-1A3956D46DE8}") = "Shared", "Shared", "{0C5B9FFD-EC11-431E-B923-E5253D2EF508}"
EndProject
Project("{FAE04EC0-301F-11D3-BF4B-00C04F79EFBC}") = "Luna.Users.gRPC.Client", "Luna.Users.gRPC.Client\Luna.Users.gRPC.Client.csproj", "{55739531-1E98-46E2-9BCA-EBD97805CE43}"
EndProject
Project("{FAE04EC0-301F-11D3-BF4B-00C04F79EFBC}") = "Luna.Tools.SharedModels", "Luna.Tools.SharedModels\Luna.Tools.SharedModels.csproj", "{CA02FD34-6F10-4BDE-A1E5-9151A1748A3D}"
EndProject
Project("{2150E333-8FDC-42A3-9474-1A3956D46DE8}") = "Luna.Workspaces", "Luna.Workspaces", "{200149EA-17E7-4319-B513-0E4E43322125}"
EndProject
Project("{2150E333-8FDC-42A3-9474-1A3956D46DE8}") = "Luna.Workspaces.Models", "Luna.Workspaces.Models", "{F3CC89AF-78F8-4136-8A9F-1E8EA1240A39}"
EndProject
Project("{FAE04EC0-301F-11D3-BF4B-00C04F79EFBC}") = "Luna.Workspaces.Models.Database", "Luna.Workspaces.Models.Database\Luna.Workspaces.Models.Database.csproj", "{09EAD2BB-E996-4820-B429-6BD71E57CD07}"
EndProject
Project("{FAE04EC0-301F-11D3-BF4B-00C04F79EFBC}") = "Luna.Workspaces.Models.Blank", "Luna.Workspaces.Models.Blank\Luna.Workspaces.Models.Blank.csproj", "{3B29930A-9C00-4ECA-8F90-5D6C1F87928E}"
EndProject
Project("{FAE04EC0-301F-11D3-BF4B-00C04F79EFBC}") = "Luna.Workspaces.Models.Domain", "Luna.Workspaces.Models.Domain\Luna.Workspaces.Models.Domain.csproj", "{657B553A-0064-46D4-BB56-8B24CA8E9F40}"
EndProject
Project("{FAE04EC0-301F-11D3-BF4B-00C04F79EFBC}") = "Luna.Workspaces.Models.View", "Luna.Workspaces.Models.View\Luna.Workspaces.Models.View.csproj", "{EE987A5F-9447-4A5B-87E5-AF3BB446FF7A}"
EndProject
Project("{FAE04EC0-301F-11D3-BF4B-00C04F79EFBC}") = "Luna.Workspaces.Repositories", "Luna.Workspaces.Repositories\Luna.Workspaces.Repositories.csproj", "{B02F9979-2356-4D22-B06F-1672611C53C4}"
EndProject
Project("{FAE04EC0-301F-11D3-BF4B-00C04F79EFBC}") = "Luna.Workspaces.Services", "Luna.Workspaces.Services\Luna.Workspaces.Services.csproj", "{E8374BF4-F95E-4507-98C4-30E28FD6672A}"
EndProject
Project("{FAE04EC0-301F-11D3-BF4B-00C04F79EFBC}") = "Luna.Workspaces.API", "Luna.Workspaces.API\Luna.Workspaces.API.csproj", "{4D01C2F2-B8FC-4707-B9C2-10F0C160FDC8}"
EndProject
Project("{2150E333-8FDC-42A3-9474-1A3956D46DE8}") = "Luna.Notification", "Luna.Notification", "{048EBA17-1B93-45AF-8C79-7103943E9EC9}"
EndProject
Project("{FAE04EC0-301F-11D3-BF4B-00C04F79EFBC}") = "Luna.Notification.API", "Luna.Notification.API\Luna.Notification.API.csproj", "{C13ABE2E-BFD9-47C2-BB8F-64CE5EAFC374}"
EndProject
Project("{FAE04EC0-301F-11D3-BF4B-00C04F79EFBC}") = "Luna.Notification.Services", "Luna.Notification.Services\Luna.Notification.Services.csproj", "{7A8F2523-FC22-4455-B759-AB8990F52657}"
EndProject
Project("{FAE04EC0-301F-11D3-BF4B-00C04F79EFBC}") = "Luna.Users.Models.Extensions", "Luna.Users.Models.Extensions\Luna.Users.Models.Extensions.csproj", "{9C86AAA5-B42C-4E2E-8EF5-C195986A7D48}"
EndProject
Project("{FAE04EC0-301F-11D3-BF4B-00C04F79EFBC}") = "Luna.Workspaces.Models.Extensions", "Luna.Workspaces.Models.Extensions\Luna.Workspaces.Models.Extensions.csproj", "{4649A903-85DA-4F39-B97D-77A281003676}"
EndProject
Project("{2150E333-8FDC-42A3-9474-1A3956D46DE8}") = "Luna.Pages", "Luna.Pages", "{2CF587E3-FFC5-436B-B73A-E2A20C970083}"
EndProject
Project("{2150E333-8FDC-42A3-9474-1A3956D46DE8}") = "Luna.Pages.Models", "Luna.Pages.Models", "{F3CB00A9-C331-4E67-B2E3-3DF745E51761}"
EndProject
Project("{FAE04EC0-301F-11D3-BF4B-00C04F79EFBC}") = "Luna.Pages.Models.Database", "Luna.Pages.Models.Database\Luna.Pages.Models.Database.csproj", "{3716B213-BA77-45E2-BA09-8349796037E2}"
EndProject
Project("{FAE04EC0-301F-11D3-BF4B-00C04F79EFBC}") = "Luna.Pages.Repositories", "Luna.Pages.Repositories\Luna.Pages.Repositories.csproj", "{E5EE8254-16D4-483A-9A44-8D3D72610EDA}"
EndProject
Project("{FAE04EC0-301F-11D3-BF4B-00C04F79EFBC}") = "Luna.Pages.Models.View", "Luna.Pages.Models.View\Luna.Pages.Models.View.csproj", "{627CAB91-F2B0-45E1-898F-A758E1D9056B}"
EndProject
Project("{FAE04EC0-301F-11D3-BF4B-00C04F79EFBC}") = "Luna.Pages.Models.Blank", "Luna.Pages.Models.Blank\Luna.Pages.Models.Blank.csproj", "{0F133498-D5D0-49F0-86CD-18BA02AC1E82}"
EndProject
Project("{FAE04EC0-301F-11D3-BF4B-00C04F79EFBC}") = "Luna.Pages.API", "Luna.Pages.API\Luna.Pages.API.csproj", "{5C84F6DB-58A7-499A-A71A-692B7685D8F9}"
EndProject
Project("{FAE04EC0-301F-11D3-BF4B-00C04F79EFBC}") = "Luna.Pages.Services", "Luna.Pages.Services\Luna.Pages.Services.csproj", "{BD37931C-CB76-4292-8DD5-0BF02170B386}"
EndProject
Project("{FAE04EC0-301F-11D3-BF4B-00C04F79EFBC}") = "Luna.Pages.Models.Domain", "Luna.Pages.Models.Domain\Luna.Pages.Models.Domain.csproj", "{8F553F5F-AE8F-497F-A40A-CC5946854E3D}"
EndProject
Global
	GlobalSection(SolutionConfigurationPlatforms) = preSolution
		Debug|Any CPU = Debug|Any CPU
		Release|Any CPU = Release|Any CPU
	EndGlobalSection
	GlobalSection(NestedProjects) = preSolution
		{B05E3EEE-F3E3-4296-B580-0897270E18A2} = {8CB2E67A-AA26-4B40-A0DD-8D6069E36588}
		{7C836019-DDE3-4EBC-B365-D04A885C66CB} = {8CB2E67A-AA26-4B40-A0DD-8D6069E36588}
		{F99264E0-DBEC-4768-A358-0C83684DB914} = {7C836019-DDE3-4EBC-B365-D04A885C66CB}
		{9483EA1B-8F8F-458F-9D57-395BD3AE8A21} = {7C836019-DDE3-4EBC-B365-D04A885C66CB}
		{649D66D7-AA79-4D6D-AA10-BF6014A949CF} = {7C836019-DDE3-4EBC-B365-D04A885C66CB}
		{019B23FE-6B07-4E0B-87C2-A68C5602E403} = {7C836019-DDE3-4EBC-B365-D04A885C66CB}
		{F9CCF84C-A373-48CF-9865-94555974387B} = {8CB2E67A-AA26-4B40-A0DD-8D6069E36588}
		{1C995C3A-2F52-4A3F-86FD-760B98E10063} = {8CB2E67A-AA26-4B40-A0DD-8D6069E36588}
		{CFCF085B-6231-4239-8483-225A655F2DAA} = {35EBF3D0-12E5-47C5-835E-279DA7324624}
		{705EEBFD-BBBE-470F-A61D-F38DE2F6252C} = {7C836019-DDE3-4EBC-B365-D04A885C66CB}
		{5D538522-88ED-483E-9DB3-9A50CD4AED2D} = {F59B01A5-09EB-4421-AA6B-A65D33F7A7C0}
		{12446F31-C4FA-4C13-8F16-8EA56FC5B467} = {8CB2E67A-AA26-4B40-A0DD-8D6069E36588}
		{109E4550-2A44-41A8-AACD-F33628C6460E} = {8CB2E67A-AA26-4B40-A0DD-8D6069E36588}
		{63647B79-DBE7-4944-823C-BEDD9575EA89} = {EB1B377D-22BC-4AD7-AE35-6FABFD1A223F}
		{AA43AD59-8CEA-4A5A-BFEF-2665A53A1B73} = {EB1B377D-22BC-4AD7-AE35-6FABFD1A223F}
		{CA82E0D9-70A6-44E5-B51C-47D26BC1A942} = {63647B79-DBE7-4944-823C-BEDD9575EA89}
		{8ACBA3F4-58CE-417F-A99B-BBEEA36FDDF2} = {63647B79-DBE7-4944-823C-BEDD9575EA89}
		{F9D5D049-DD50-4A2D-A03B-3A4DE1226AFF} = {EB1B377D-22BC-4AD7-AE35-6FABFD1A223F}
		{D098A44D-CD8F-4842-AFF2-52BEB9F0E4CC} = {63647B79-DBE7-4944-823C-BEDD9575EA89}
		{066F4CE5-FDBF-431E-B978-E8F77D1B09D3} = {63647B79-DBE7-4944-823C-BEDD9575EA89}
		{CDCD8603-E97D-40CB-A29B-0DF70510DE23} = {EB1B377D-22BC-4AD7-AE35-6FABFD1A223F}
		{CA608247-005E-426C-885C-18760E1DDDAD} = {EB1B377D-22BC-4AD7-AE35-6FABFD1A223F}
		{0C5B9FFD-EC11-431E-B923-E5253D2EF508} = {EB1B377D-22BC-4AD7-AE35-6FABFD1A223F}
		{55739531-1E98-46E2-9BCA-EBD97805CE43} = {0C5B9FFD-EC11-431E-B923-E5253D2EF508}
		{CA02FD34-6F10-4BDE-A1E5-9151A1748A3D} = {35EBF3D0-12E5-47C5-835E-279DA7324624}
		{F3CC89AF-78F8-4136-8A9F-1E8EA1240A39} = {200149EA-17E7-4319-B513-0E4E43322125}
		{09EAD2BB-E996-4820-B429-6BD71E57CD07} = {F3CC89AF-78F8-4136-8A9F-1E8EA1240A39}
		{3B29930A-9C00-4ECA-8F90-5D6C1F87928E} = {F3CC89AF-78F8-4136-8A9F-1E8EA1240A39}
		{657B553A-0064-46D4-BB56-8B24CA8E9F40} = {F3CC89AF-78F8-4136-8A9F-1E8EA1240A39}
		{EE987A5F-9447-4A5B-87E5-AF3BB446FF7A} = {F3CC89AF-78F8-4136-8A9F-1E8EA1240A39}
		{B02F9979-2356-4D22-B06F-1672611C53C4} = {200149EA-17E7-4319-B513-0E4E43322125}
		{E8374BF4-F95E-4507-98C4-30E28FD6672A} = {200149EA-17E7-4319-B513-0E4E43322125}
		{4D01C2F2-B8FC-4707-B9C2-10F0C160FDC8} = {200149EA-17E7-4319-B513-0E4E43322125}
		{C13ABE2E-BFD9-47C2-BB8F-64CE5EAFC374} = {048EBA17-1B93-45AF-8C79-7103943E9EC9}
		{7A8F2523-FC22-4455-B759-AB8990F52657} = {048EBA17-1B93-45AF-8C79-7103943E9EC9}
		{9C86AAA5-B42C-4E2E-8EF5-C195986A7D48} = {63647B79-DBE7-4944-823C-BEDD9575EA89}
		{4649A903-85DA-4F39-B97D-77A281003676} = {F3CC89AF-78F8-4136-8A9F-1E8EA1240A39}
		{F3CB00A9-C331-4E67-B2E3-3DF745E51761} = {2CF587E3-FFC5-436B-B73A-E2A20C970083}
		{3716B213-BA77-45E2-BA09-8349796037E2} = {F3CB00A9-C331-4E67-B2E3-3DF745E51761}
		{E5EE8254-16D4-483A-9A44-8D3D72610EDA} = {2CF587E3-FFC5-436B-B73A-E2A20C970083}
		{627CAB91-F2B0-45E1-898F-A758E1D9056B} = {F3CB00A9-C331-4E67-B2E3-3DF745E51761}
		{0F133498-D5D0-49F0-86CD-18BA02AC1E82} = {F3CB00A9-C331-4E67-B2E3-3DF745E51761}
		{5C84F6DB-58A7-499A-A71A-692B7685D8F9} = {2CF587E3-FFC5-436B-B73A-E2A20C970083}
		{BD37931C-CB76-4292-8DD5-0BF02170B386} = {2CF587E3-FFC5-436B-B73A-E2A20C970083}
		{8F553F5F-AE8F-497F-A40A-CC5946854E3D} = {F3CB00A9-C331-4E67-B2E3-3DF745E51761}
	EndGlobalSection
	GlobalSection(ProjectConfigurationPlatforms) = postSolution
		{B05E3EEE-F3E3-4296-B580-0897270E18A2}.Debug|Any CPU.ActiveCfg = Debug|Any CPU
		{B05E3EEE-F3E3-4296-B580-0897270E18A2}.Debug|Any CPU.Build.0 = Debug|Any CPU
		{B05E3EEE-F3E3-4296-B580-0897270E18A2}.Release|Any CPU.ActiveCfg = Release|Any CPU
		{B05E3EEE-F3E3-4296-B580-0897270E18A2}.Release|Any CPU.Build.0 = Release|Any CPU
		{F99264E0-DBEC-4768-A358-0C83684DB914}.Debug|Any CPU.ActiveCfg = Debug|Any CPU
		{F99264E0-DBEC-4768-A358-0C83684DB914}.Debug|Any CPU.Build.0 = Debug|Any CPU
		{F99264E0-DBEC-4768-A358-0C83684DB914}.Release|Any CPU.ActiveCfg = Release|Any CPU
		{F99264E0-DBEC-4768-A358-0C83684DB914}.Release|Any CPU.Build.0 = Release|Any CPU
		{9483EA1B-8F8F-458F-9D57-395BD3AE8A21}.Debug|Any CPU.ActiveCfg = Debug|Any CPU
		{9483EA1B-8F8F-458F-9D57-395BD3AE8A21}.Debug|Any CPU.Build.0 = Debug|Any CPU
		{9483EA1B-8F8F-458F-9D57-395BD3AE8A21}.Release|Any CPU.ActiveCfg = Debug|Any CPU
		{9483EA1B-8F8F-458F-9D57-395BD3AE8A21}.Release|Any CPU.Build.0 = Debug|Any CPU
		{649D66D7-AA79-4D6D-AA10-BF6014A949CF}.Debug|Any CPU.ActiveCfg = Debug|Any CPU
		{649D66D7-AA79-4D6D-AA10-BF6014A949CF}.Debug|Any CPU.Build.0 = Debug|Any CPU
		{649D66D7-AA79-4D6D-AA10-BF6014A949CF}.Release|Any CPU.ActiveCfg = Release|Any CPU
		{649D66D7-AA79-4D6D-AA10-BF6014A949CF}.Release|Any CPU.Build.0 = Release|Any CPU
		{019B23FE-6B07-4E0B-87C2-A68C5602E403}.Debug|Any CPU.ActiveCfg = Debug|Any CPU
		{019B23FE-6B07-4E0B-87C2-A68C5602E403}.Debug|Any CPU.Build.0 = Debug|Any CPU
		{019B23FE-6B07-4E0B-87C2-A68C5602E403}.Release|Any CPU.ActiveCfg = Release|Any CPU
		{019B23FE-6B07-4E0B-87C2-A68C5602E403}.Release|Any CPU.Build.0 = Release|Any CPU
		{F9CCF84C-A373-48CF-9865-94555974387B}.Debug|Any CPU.ActiveCfg = Debug|Any CPU
		{F9CCF84C-A373-48CF-9865-94555974387B}.Debug|Any CPU.Build.0 = Debug|Any CPU
		{F9CCF84C-A373-48CF-9865-94555974387B}.Release|Any CPU.ActiveCfg = Release|Any CPU
		{F9CCF84C-A373-48CF-9865-94555974387B}.Release|Any CPU.Build.0 = Release|Any CPU
		{1C995C3A-2F52-4A3F-86FD-760B98E10063}.Debug|Any CPU.ActiveCfg = Debug|Any CPU
		{1C995C3A-2F52-4A3F-86FD-760B98E10063}.Debug|Any CPU.Build.0 = Debug|Any CPU
		{1C995C3A-2F52-4A3F-86FD-760B98E10063}.Release|Any CPU.ActiveCfg = Release|Any CPU
		{1C995C3A-2F52-4A3F-86FD-760B98E10063}.Release|Any CPU.Build.0 = Release|Any CPU
		{CFCF085B-6231-4239-8483-225A655F2DAA}.Debug|Any CPU.ActiveCfg = Debug|Any CPU
		{CFCF085B-6231-4239-8483-225A655F2DAA}.Debug|Any CPU.Build.0 = Debug|Any CPU
		{CFCF085B-6231-4239-8483-225A655F2DAA}.Release|Any CPU.ActiveCfg = Release|Any CPU
		{CFCF085B-6231-4239-8483-225A655F2DAA}.Release|Any CPU.Build.0 = Release|Any CPU
		{705EEBFD-BBBE-470F-A61D-F38DE2F6252C}.Debug|Any CPU.ActiveCfg = Debug|Any CPU
		{705EEBFD-BBBE-470F-A61D-F38DE2F6252C}.Debug|Any CPU.Build.0 = Debug|Any CPU
		{705EEBFD-BBBE-470F-A61D-F38DE2F6252C}.Release|Any CPU.ActiveCfg = Release|Any CPU
		{705EEBFD-BBBE-470F-A61D-F38DE2F6252C}.Release|Any CPU.Build.0 = Release|Any CPU
		{5D538522-88ED-483E-9DB3-9A50CD4AED2D}.Debug|Any CPU.ActiveCfg = Debug|Any CPU
		{5D538522-88ED-483E-9DB3-9A50CD4AED2D}.Debug|Any CPU.Build.0 = Debug|Any CPU
		{5D538522-88ED-483E-9DB3-9A50CD4AED2D}.Release|Any CPU.ActiveCfg = Release|Any CPU
		{5D538522-88ED-483E-9DB3-9A50CD4AED2D}.Release|Any CPU.Build.0 = Release|Any CPU
		{12446F31-C4FA-4C13-8F16-8EA56FC5B467}.Debug|Any CPU.ActiveCfg = Debug|Any CPU
		{12446F31-C4FA-4C13-8F16-8EA56FC5B467}.Debug|Any CPU.Build.0 = Debug|Any CPU
		{12446F31-C4FA-4C13-8F16-8EA56FC5B467}.Release|Any CPU.ActiveCfg = Release|Any CPU
		{12446F31-C4FA-4C13-8F16-8EA56FC5B467}.Release|Any CPU.Build.0 = Release|Any CPU
		{109E4550-2A44-41A8-AACD-F33628C6460E}.Debug|Any CPU.ActiveCfg = Debug|Any CPU
		{109E4550-2A44-41A8-AACD-F33628C6460E}.Debug|Any CPU.Build.0 = Debug|Any CPU
		{109E4550-2A44-41A8-AACD-F33628C6460E}.Release|Any CPU.ActiveCfg = Release|Any CPU
		{109E4550-2A44-41A8-AACD-F33628C6460E}.Release|Any CPU.Build.0 = Release|Any CPU
		{AA43AD59-8CEA-4A5A-BFEF-2665A53A1B73}.Debug|Any CPU.ActiveCfg = Debug|Any CPU
		{AA43AD59-8CEA-4A5A-BFEF-2665A53A1B73}.Debug|Any CPU.Build.0 = Debug|Any CPU
		{AA43AD59-8CEA-4A5A-BFEF-2665A53A1B73}.Release|Any CPU.ActiveCfg = Release|Any CPU
		{AA43AD59-8CEA-4A5A-BFEF-2665A53A1B73}.Release|Any CPU.Build.0 = Release|Any CPU
		{CA82E0D9-70A6-44E5-B51C-47D26BC1A942}.Debug|Any CPU.ActiveCfg = Debug|Any CPU
		{CA82E0D9-70A6-44E5-B51C-47D26BC1A942}.Debug|Any CPU.Build.0 = Debug|Any CPU
		{CA82E0D9-70A6-44E5-B51C-47D26BC1A942}.Release|Any CPU.ActiveCfg = Release|Any CPU
		{CA82E0D9-70A6-44E5-B51C-47D26BC1A942}.Release|Any CPU.Build.0 = Release|Any CPU
		{8ACBA3F4-58CE-417F-A99B-BBEEA36FDDF2}.Debug|Any CPU.ActiveCfg = Debug|Any CPU
		{8ACBA3F4-58CE-417F-A99B-BBEEA36FDDF2}.Debug|Any CPU.Build.0 = Debug|Any CPU
		{8ACBA3F4-58CE-417F-A99B-BBEEA36FDDF2}.Release|Any CPU.ActiveCfg = Release|Any CPU
		{8ACBA3F4-58CE-417F-A99B-BBEEA36FDDF2}.Release|Any CPU.Build.0 = Release|Any CPU
		{F9D5D049-DD50-4A2D-A03B-3A4DE1226AFF}.Debug|Any CPU.ActiveCfg = Debug|Any CPU
		{F9D5D049-DD50-4A2D-A03B-3A4DE1226AFF}.Debug|Any CPU.Build.0 = Debug|Any CPU
		{F9D5D049-DD50-4A2D-A03B-3A4DE1226AFF}.Release|Any CPU.ActiveCfg = Release|Any CPU
		{F9D5D049-DD50-4A2D-A03B-3A4DE1226AFF}.Release|Any CPU.Build.0 = Release|Any CPU
		{D098A44D-CD8F-4842-AFF2-52BEB9F0E4CC}.Debug|Any CPU.ActiveCfg = Debug|Any CPU
		{D098A44D-CD8F-4842-AFF2-52BEB9F0E4CC}.Debug|Any CPU.Build.0 = Debug|Any CPU
		{D098A44D-CD8F-4842-AFF2-52BEB9F0E4CC}.Release|Any CPU.ActiveCfg = Release|Any CPU
		{D098A44D-CD8F-4842-AFF2-52BEB9F0E4CC}.Release|Any CPU.Build.0 = Release|Any CPU
		{066F4CE5-FDBF-431E-B978-E8F77D1B09D3}.Debug|Any CPU.ActiveCfg = Debug|Any CPU
		{066F4CE5-FDBF-431E-B978-E8F77D1B09D3}.Debug|Any CPU.Build.0 = Debug|Any CPU
		{066F4CE5-FDBF-431E-B978-E8F77D1B09D3}.Release|Any CPU.ActiveCfg = Release|Any CPU
		{066F4CE5-FDBF-431E-B978-E8F77D1B09D3}.Release|Any CPU.Build.0 = Release|Any CPU
		{CDCD8603-E97D-40CB-A29B-0DF70510DE23}.Debug|Any CPU.ActiveCfg = Debug|Any CPU
		{CDCD8603-E97D-40CB-A29B-0DF70510DE23}.Debug|Any CPU.Build.0 = Debug|Any CPU
		{CDCD8603-E97D-40CB-A29B-0DF70510DE23}.Release|Any CPU.ActiveCfg = Release|Any CPU
		{CDCD8603-E97D-40CB-A29B-0DF70510DE23}.Release|Any CPU.Build.0 = Release|Any CPU
		{CA608247-005E-426C-885C-18760E1DDDAD}.Debug|Any CPU.ActiveCfg = Debug|Any CPU
		{CA608247-005E-426C-885C-18760E1DDDAD}.Debug|Any CPU.Build.0 = Debug|Any CPU
		{CA608247-005E-426C-885C-18760E1DDDAD}.Release|Any CPU.ActiveCfg = Release|Any CPU
		{CA608247-005E-426C-885C-18760E1DDDAD}.Release|Any CPU.Build.0 = Release|Any CPU
		{55739531-1E98-46E2-9BCA-EBD97805CE43}.Debug|Any CPU.ActiveCfg = Debug|Any CPU
		{55739531-1E98-46E2-9BCA-EBD97805CE43}.Debug|Any CPU.Build.0 = Debug|Any CPU
		{55739531-1E98-46E2-9BCA-EBD97805CE43}.Release|Any CPU.ActiveCfg = Release|Any CPU
		{55739531-1E98-46E2-9BCA-EBD97805CE43}.Release|Any CPU.Build.0 = Release|Any CPU
		{CA02FD34-6F10-4BDE-A1E5-9151A1748A3D}.Debug|Any CPU.ActiveCfg = Debug|Any CPU
		{CA02FD34-6F10-4BDE-A1E5-9151A1748A3D}.Debug|Any CPU.Build.0 = Debug|Any CPU
		{CA02FD34-6F10-4BDE-A1E5-9151A1748A3D}.Release|Any CPU.ActiveCfg = Release|Any CPU
		{CA02FD34-6F10-4BDE-A1E5-9151A1748A3D}.Release|Any CPU.Build.0 = Release|Any CPU
		{09EAD2BB-E996-4820-B429-6BD71E57CD07}.Debug|Any CPU.ActiveCfg = Debug|Any CPU
		{09EAD2BB-E996-4820-B429-6BD71E57CD07}.Debug|Any CPU.Build.0 = Debug|Any CPU
		{09EAD2BB-E996-4820-B429-6BD71E57CD07}.Release|Any CPU.ActiveCfg = Release|Any CPU
		{09EAD2BB-E996-4820-B429-6BD71E57CD07}.Release|Any CPU.Build.0 = Release|Any CPU
		{3B29930A-9C00-4ECA-8F90-5D6C1F87928E}.Debug|Any CPU.ActiveCfg = Debug|Any CPU
		{3B29930A-9C00-4ECA-8F90-5D6C1F87928E}.Debug|Any CPU.Build.0 = Debug|Any CPU
		{3B29930A-9C00-4ECA-8F90-5D6C1F87928E}.Release|Any CPU.ActiveCfg = Release|Any CPU
		{3B29930A-9C00-4ECA-8F90-5D6C1F87928E}.Release|Any CPU.Build.0 = Release|Any CPU
		{657B553A-0064-46D4-BB56-8B24CA8E9F40}.Debug|Any CPU.ActiveCfg = Debug|Any CPU
		{657B553A-0064-46D4-BB56-8B24CA8E9F40}.Debug|Any CPU.Build.0 = Debug|Any CPU
		{657B553A-0064-46D4-BB56-8B24CA8E9F40}.Release|Any CPU.ActiveCfg = Release|Any CPU
		{657B553A-0064-46D4-BB56-8B24CA8E9F40}.Release|Any CPU.Build.0 = Release|Any CPU
		{EE987A5F-9447-4A5B-87E5-AF3BB446FF7A}.Debug|Any CPU.ActiveCfg = Debug|Any CPU
		{EE987A5F-9447-4A5B-87E5-AF3BB446FF7A}.Debug|Any CPU.Build.0 = Debug|Any CPU
		{EE987A5F-9447-4A5B-87E5-AF3BB446FF7A}.Release|Any CPU.ActiveCfg = Release|Any CPU
		{EE987A5F-9447-4A5B-87E5-AF3BB446FF7A}.Release|Any CPU.Build.0 = Release|Any CPU
		{B02F9979-2356-4D22-B06F-1672611C53C4}.Debug|Any CPU.ActiveCfg = Debug|Any CPU
		{B02F9979-2356-4D22-B06F-1672611C53C4}.Debug|Any CPU.Build.0 = Debug|Any CPU
		{B02F9979-2356-4D22-B06F-1672611C53C4}.Release|Any CPU.ActiveCfg = Release|Any CPU
		{B02F9979-2356-4D22-B06F-1672611C53C4}.Release|Any CPU.Build.0 = Release|Any CPU
		{E8374BF4-F95E-4507-98C4-30E28FD6672A}.Debug|Any CPU.ActiveCfg = Debug|Any CPU
		{E8374BF4-F95E-4507-98C4-30E28FD6672A}.Debug|Any CPU.Build.0 = Debug|Any CPU
		{E8374BF4-F95E-4507-98C4-30E28FD6672A}.Release|Any CPU.ActiveCfg = Release|Any CPU
		{E8374BF4-F95E-4507-98C4-30E28FD6672A}.Release|Any CPU.Build.0 = Release|Any CPU
		{4D01C2F2-B8FC-4707-B9C2-10F0C160FDC8}.Debug|Any CPU.ActiveCfg = Debug|Any CPU
		{4D01C2F2-B8FC-4707-B9C2-10F0C160FDC8}.Debug|Any CPU.Build.0 = Debug|Any CPU
		{4D01C2F2-B8FC-4707-B9C2-10F0C160FDC8}.Release|Any CPU.ActiveCfg = Release|Any CPU
		{4D01C2F2-B8FC-4707-B9C2-10F0C160FDC8}.Release|Any CPU.Build.0 = Release|Any CPU
		{C13ABE2E-BFD9-47C2-BB8F-64CE5EAFC374}.Debug|Any CPU.ActiveCfg = Debug|Any CPU
		{C13ABE2E-BFD9-47C2-BB8F-64CE5EAFC374}.Debug|Any CPU.Build.0 = Debug|Any CPU
		{C13ABE2E-BFD9-47C2-BB8F-64CE5EAFC374}.Release|Any CPU.ActiveCfg = Release|Any CPU
		{C13ABE2E-BFD9-47C2-BB8F-64CE5EAFC374}.Release|Any CPU.Build.0 = Release|Any CPU
		{7A8F2523-FC22-4455-B759-AB8990F52657}.Debug|Any CPU.ActiveCfg = Debug|Any CPU
		{7A8F2523-FC22-4455-B759-AB8990F52657}.Debug|Any CPU.Build.0 = Debug|Any CPU
		{7A8F2523-FC22-4455-B759-AB8990F52657}.Release|Any CPU.ActiveCfg = Release|Any CPU
		{7A8F2523-FC22-4455-B759-AB8990F52657}.Release|Any CPU.Build.0 = Release|Any CPU
		{9C86AAA5-B42C-4E2E-8EF5-C195986A7D48}.Debug|Any CPU.ActiveCfg = Debug|Any CPU
		{9C86AAA5-B42C-4E2E-8EF5-C195986A7D48}.Debug|Any CPU.Build.0 = Debug|Any CPU
		{9C86AAA5-B42C-4E2E-8EF5-C195986A7D48}.Release|Any CPU.ActiveCfg = Release|Any CPU
		{9C86AAA5-B42C-4E2E-8EF5-C195986A7D48}.Release|Any CPU.Build.0 = Release|Any CPU
		{4649A903-85DA-4F39-B97D-77A281003676}.Debug|Any CPU.ActiveCfg = Debug|Any CPU
		{4649A903-85DA-4F39-B97D-77A281003676}.Debug|Any CPU.Build.0 = Debug|Any CPU
		{4649A903-85DA-4F39-B97D-77A281003676}.Release|Any CPU.ActiveCfg = Release|Any CPU
		{4649A903-85DA-4F39-B97D-77A281003676}.Release|Any CPU.Build.0 = Release|Any CPU
		{3716B213-BA77-45E2-BA09-8349796037E2}.Debug|Any CPU.ActiveCfg = Debug|Any CPU
		{3716B213-BA77-45E2-BA09-8349796037E2}.Debug|Any CPU.Build.0 = Debug|Any CPU
		{3716B213-BA77-45E2-BA09-8349796037E2}.Release|Any CPU.ActiveCfg = Release|Any CPU
		{3716B213-BA77-45E2-BA09-8349796037E2}.Release|Any CPU.Build.0 = Release|Any CPU
		{E5EE8254-16D4-483A-9A44-8D3D72610EDA}.Debug|Any CPU.ActiveCfg = Debug|Any CPU
		{E5EE8254-16D4-483A-9A44-8D3D72610EDA}.Debug|Any CPU.Build.0 = Debug|Any CPU
		{E5EE8254-16D4-483A-9A44-8D3D72610EDA}.Release|Any CPU.ActiveCfg = Release|Any CPU
		{E5EE8254-16D4-483A-9A44-8D3D72610EDA}.Release|Any CPU.Build.0 = Release|Any CPU
		{627CAB91-F2B0-45E1-898F-A758E1D9056B}.Debug|Any CPU.ActiveCfg = Debug|Any CPU
		{627CAB91-F2B0-45E1-898F-A758E1D9056B}.Debug|Any CPU.Build.0 = Debug|Any CPU
		{627CAB91-F2B0-45E1-898F-A758E1D9056B}.Release|Any CPU.ActiveCfg = Release|Any CPU
		{627CAB91-F2B0-45E1-898F-A758E1D9056B}.Release|Any CPU.Build.0 = Release|Any CPU
		{0F133498-D5D0-49F0-86CD-18BA02AC1E82}.Debug|Any CPU.ActiveCfg = Debug|Any CPU
		{0F133498-D5D0-49F0-86CD-18BA02AC1E82}.Debug|Any CPU.Build.0 = Debug|Any CPU
		{0F133498-D5D0-49F0-86CD-18BA02AC1E82}.Release|Any CPU.ActiveCfg = Release|Any CPU
		{0F133498-D5D0-49F0-86CD-18BA02AC1E82}.Release|Any CPU.Build.0 = Release|Any CPU
		{5C84F6DB-58A7-499A-A71A-692B7685D8F9}.Debug|Any CPU.ActiveCfg = Debug|Any CPU
		{5C84F6DB-58A7-499A-A71A-692B7685D8F9}.Debug|Any CPU.Build.0 = Debug|Any CPU
		{5C84F6DB-58A7-499A-A71A-692B7685D8F9}.Release|Any CPU.ActiveCfg = Release|Any CPU
		{5C84F6DB-58A7-499A-A71A-692B7685D8F9}.Release|Any CPU.Build.0 = Release|Any CPU
		{BD37931C-CB76-4292-8DD5-0BF02170B386}.Debug|Any CPU.ActiveCfg = Debug|Any CPU
		{BD37931C-CB76-4292-8DD5-0BF02170B386}.Debug|Any CPU.Build.0 = Debug|Any CPU
		{BD37931C-CB76-4292-8DD5-0BF02170B386}.Release|Any CPU.ActiveCfg = Release|Any CPU
		{BD37931C-CB76-4292-8DD5-0BF02170B386}.Release|Any CPU.Build.0 = Release|Any CPU
		{8F553F5F-AE8F-497F-A40A-CC5946854E3D}.Debug|Any CPU.ActiveCfg = Debug|Any CPU
		{8F553F5F-AE8F-497F-A40A-CC5946854E3D}.Debug|Any CPU.Build.0 = Debug|Any CPU
		{8F553F5F-AE8F-497F-A40A-CC5946854E3D}.Release|Any CPU.ActiveCfg = Release|Any CPU
		{8F553F5F-AE8F-497F-A40A-CC5946854E3D}.Release|Any CPU.Build.0 = Release|Any CPU
	EndGlobalSection
EndGlobal
